
Microsoft Visual Studio Solution File, Format Version 12.00
# Visual Studio Version 16
VisualStudioVersion = 16.0.31729.503
MinimumVisualStudioVersion = 10.0.40219.1
Project("{FAE04EC0-301F-11D3-BF4B-00C04F79EFBC}") = "OperaWebSite", "OperaWebSite\OperaWebSite.csproj", "{81664A95-CD00-4032-A7CC-58F4DC28EDCC}"
EndProject
Global
	GlobalSection(SolutionConfigurationPlatforms) = preSolution
		Debug|Any CPU = Debug|Any CPU
		Release|Any CPU = Release|Any CPU
	EndGlobalSection
	GlobalSection(ProjectConfigurationPlatforms) = postSolution
		{81664A95-CD00-4032-A7CC-58F4DC28EDCC}.Debug|Any CPU.ActiveCfg = Debug|Any CPU
		{81664A95-CD00-4032-A7CC-58F4DC28EDCC}.Debug|Any CPU.Build.0 = Debug|Any CPU
		{81664A95-CD00-4032-A7CC-58F4DC28EDCC}.Release|Any CPU.ActiveCfg = Release|Any CPU
		{81664A95-CD00-4032-A7CC-58F4DC28EDCC}.Release|Any CPU.Build.0 = Release|Any CPU
	EndGlobalSection
	GlobalSection(SolutionProperties) = preSolution
		HideSolutionNode = FALSE
	EndGlobalSection
	GlobalSection(ExtensibilityGlobals) = postSolution
		SolutionGuid = {EFF0ED35-025D-4349-913D-A57A66CE6010}
	EndGlobalSection
EndGlobal
