
Microsoft Visual Studio Solution File, Format Version 12.00
# Visual Studio Version 16
VisualStudioVersion = 16.0.31729.503
MinimumVisualStudioVersion = 10.0.40219.1
Project("{FAE04EC0-301F-11D3-BF4B-00C04F79EFBC}") = "WindowsEF", "WindowsEF\WindowsEF.csproj", "{BA8D6906-F9ED-4D09-9249-69E43782ABCD}"
EndProject
Project("{FAE04EC0-301F-11D3-BF4B-00C04F79EFBC}") = "Datos", "Datos\Datos.csproj", "{ECE7CEBC-1E2F-4C93-817E-19EE8D3FE9CA}"
EndProject
Global
	GlobalSection(SolutionConfigurationPlatforms) = preSolution
		Debug|Any CPU = Debug|Any CPU
		Release|Any CPU = Release|Any CPU
	EndGlobalSection
	GlobalSection(ProjectConfigurationPlatforms) = postSolution
		{BA8D6906-F9ED-4D09-9249-69E43782ABCD}.Debug|Any CPU.ActiveCfg = Debug|Any CPU
		{BA8D6906-F9ED-4D09-9249-69E43782ABCD}.Debug|Any CPU.Build.0 = Debug|Any CPU
		{BA8D6906-F9ED-4D09-9249-69E43782ABCD}.Release|Any CPU.ActiveCfg = Release|Any CPU
		{BA8D6906-F9ED-4D09-9249-69E43782ABCD}.Release|Any CPU.Build.0 = Release|Any CPU
		{ECE7CEBC-1E2F-4C93-817E-19EE8D3FE9CA}.Debug|Any CPU.ActiveCfg = Debug|Any CPU
		{ECE7CEBC-1E2F-4C93-817E-19EE8D3FE9CA}.Debug|Any CPU.Build.0 = Debug|Any CPU
		{ECE7CEBC-1E2F-4C93-817E-19EE8D3FE9CA}.Release|Any CPU.ActiveCfg = Release|Any CPU
		{ECE7CEBC-1E2F-4C93-817E-19EE8D3FE9CA}.Release|Any CPU.Build.0 = Release|Any CPU
	EndGlobalSection
	GlobalSection(SolutionProperties) = preSolution
		HideSolutionNode = FALSE
	EndGlobalSection
	GlobalSection(ExtensibilityGlobals) = postSolution
		SolutionGuid = {9162F406-DD8E-43A7-A124-CFEB904A1F4D}
	EndGlobalSection
EndGlobal
