
Microsoft Visual Studio Solution File, Format Version 12.00
# Visual Studio Version 16
VisualStudioVersion = 16.0.31729.503
MinimumVisualStudioVersion = 10.0.40219.1
Project("{FAE04EC0-301F-11D3-BF4B-00C04F79EFBC}") = "Entidades", "Entidades\Entidades.csproj", "{CC429E6D-C6C9-4E90-A67D-189C5DFDE33E}"
EndProject
Project("{FAE04EC0-301F-11D3-BF4B-00C04F79EFBC}") = "WebClub", "WebClub\WebClub.csproj", "{B7C3F224-AF2D-4FB0-9385-62E8B9B0650D}"
EndProject
Global
	GlobalSection(SolutionConfigurationPlatforms) = preSolution
		Debug|Any CPU = Debug|Any CPU
		Release|Any CPU = Release|Any CPU
	EndGlobalSection
	GlobalSection(ProjectConfigurationPlatforms) = postSolution
		{CC429E6D-C6C9-4E90-A67D-189C5DFDE33E}.Debug|Any CPU.ActiveCfg = Debug|Any CPU
		{CC429E6D-C6C9-4E90-A67D-189C5DFDE33E}.Debug|Any CPU.Build.0 = Debug|Any CPU
		{CC429E6D-C6C9-4E90-A67D-189C5DFDE33E}.Release|Any CPU.ActiveCfg = Release|Any CPU
		{CC429E6D-C6C9-4E90-A67D-189C5DFDE33E}.Release|Any CPU.Build.0 = Release|Any CPU
		{B7C3F224-AF2D-4FB0-9385-62E8B9B0650D}.Debug|Any CPU.ActiveCfg = Debug|Any CPU
		{B7C3F224-AF2D-4FB0-9385-62E8B9B0650D}.Debug|Any CPU.Build.0 = Debug|Any CPU
		{B7C3F224-AF2D-4FB0-9385-62E8B9B0650D}.Release|Any CPU.ActiveCfg = Release|Any CPU
		{B7C3F224-AF2D-4FB0-9385-62E8B9B0650D}.Release|Any CPU.Build.0 = Release|Any CPU
	EndGlobalSection
	GlobalSection(SolutionProperties) = preSolution
		HideSolutionNode = FALSE
	EndGlobalSection
	GlobalSection(ExtensibilityGlobals) = postSolution
		SolutionGuid = {E9492F10-9AF3-4C82-8B7D-D14C632E79C8}
	EndGlobalSection
EndGlobal
