
Microsoft Visual Studio Solution File, Format Version 12.00
# Visual Studio Version 16
VisualStudioVersion = 16.0.31729.503
MinimumVisualStudioVersion = 10.0.40219.1
Project("{FAE04EC0-301F-11D3-BF4B-00C04F79EFBC}") = "WindowsDataReader", "WindowsDataReader\WindowsDataReader.csproj", "{ECA79A49-7DDE-4E5D-896C-CFF22EA865B6}"
EndProject
Project("{FAE04EC0-301F-11D3-BF4B-00C04F79EFBC}") = "Datos", "Datos\Datos.csproj", "{84D04996-BEBE-4F0C-849E-4F7AD7F3D3EC}"
EndProject
Global
	GlobalSection(SolutionConfigurationPlatforms) = preSolution
		Debug|Any CPU = Debug|Any CPU
		Release|Any CPU = Release|Any CPU
	EndGlobalSection
	GlobalSection(ProjectConfigurationPlatforms) = postSolution
		{ECA79A49-7DDE-4E5D-896C-CFF22EA865B6}.Debug|Any CPU.ActiveCfg = Debug|Any CPU
		{ECA79A49-7DDE-4E5D-896C-CFF22EA865B6}.Debug|Any CPU.Build.0 = Debug|Any CPU
		{ECA79A49-7DDE-4E5D-896C-CFF22EA865B6}.Release|Any CPU.ActiveCfg = Release|Any CPU
		{ECA79A49-7DDE-4E5D-896C-CFF22EA865B6}.Release|Any CPU.Build.0 = Release|Any CPU
		{84D04996-BEBE-4F0C-849E-4F7AD7F3D3EC}.Debug|Any CPU.ActiveCfg = Debug|Any CPU
		{84D04996-BEBE-4F0C-849E-4F7AD7F3D3EC}.Debug|Any CPU.Build.0 = Debug|Any CPU
		{84D04996-BEBE-4F0C-849E-4F7AD7F3D3EC}.Release|Any CPU.ActiveCfg = Release|Any CPU
		{84D04996-BEBE-4F0C-849E-4F7AD7F3D3EC}.Release|Any CPU.Build.0 = Release|Any CPU
	EndGlobalSection
	GlobalSection(SolutionProperties) = preSolution
		HideSolutionNode = FALSE
	EndGlobalSection
	GlobalSection(ExtensibilityGlobals) = postSolution
		SolutionGuid = {85F25151-E23F-4B8D-AFB8-FEEE9490A447}
	EndGlobalSection
EndGlobal
