
Microsoft Visual Studio Solution File, Format Version 12.00
# Visual Studio Version 16
VisualStudioVersion = 16.0.31702.278
MinimumVisualStudioVersion = 10.0.40219.1
Project("{FAE04EC0-301F-11D3-BF4B-00C04F79EFBC}") = "WindowsFormsApp", "WindowsFormsApp\WindowsFormsApp.csproj", "{FBE96ABE-A783-4083-B580-86BC58C82FC0}"
EndProject
Project("{FAE04EC0-301F-11D3-BF4B-00C04F79EFBC}") = "LibreriaEntidades", "LibreriaEntidades\LibreriaEntidades.csproj", "{0829F33E-C2A1-42E4-AA46-BDE401BC1BB6}"
EndProject
Global
	GlobalSection(SolutionConfigurationPlatforms) = preSolution
		Debug|Any CPU = Debug|Any CPU
		Release|Any CPU = Release|Any CPU
	EndGlobalSection
	GlobalSection(ProjectConfigurationPlatforms) = postSolution
		{FBE96ABE-A783-4083-B580-86BC58C82FC0}.Debug|Any CPU.ActiveCfg = Debug|Any CPU
		{FBE96ABE-A783-4083-B580-86BC58C82FC0}.Debug|Any CPU.Build.0 = Debug|Any CPU
		{FBE96ABE-A783-4083-B580-86BC58C82FC0}.Release|Any CPU.ActiveCfg = Release|Any CPU
		{FBE96ABE-A783-4083-B580-86BC58C82FC0}.Release|Any CPU.Build.0 = Release|Any CPU
		{0829F33E-C2A1-42E4-AA46-BDE401BC1BB6}.Debug|Any CPU.ActiveCfg = Debug|Any CPU
		{0829F33E-C2A1-42E4-AA46-BDE401BC1BB6}.Debug|Any CPU.Build.0 = Debug|Any CPU
		{0829F33E-C2A1-42E4-AA46-BDE401BC1BB6}.Release|Any CPU.ActiveCfg = Release|Any CPU
		{0829F33E-C2A1-42E4-AA46-BDE401BC1BB6}.Release|Any CPU.Build.0 = Release|Any CPU
	EndGlobalSection
	GlobalSection(SolutionProperties) = preSolution
		HideSolutionNode = FALSE
	EndGlobalSection
	GlobalSection(ExtensibilityGlobals) = postSolution
		SolutionGuid = {8DF8464B-B51F-4505-9BEC-E72DF74DAAF6}
	EndGlobalSection
EndGlobal
