
Microsoft Visual Studio Solution File, Format Version 12.00
# Visual Studio Version 16
VisualStudioVersion = 16.0.31702.278
MinimumVisualStudioVersion = 10.0.40219.1
Project("{9A19103F-16F7-4668-BE54-9A1E7A4F7556}") = "AppWindowsFinal-mal", "AppWindowsFinal-mal.csproj", "{61F1BA9E-31EB-4FAE-A392-F712237FB859}"
EndProject
Global
	GlobalSection(SolutionConfigurationPlatforms) = preSolution
		Debug|Any CPU = Debug|Any CPU
		Release|Any CPU = Release|Any CPU
	EndGlobalSection
	GlobalSection(ProjectConfigurationPlatforms) = postSolution
		{61F1BA9E-31EB-4FAE-A392-F712237FB859}.Debug|Any CPU.ActiveCfg = Debug|Any CPU
		{61F1BA9E-31EB-4FAE-A392-F712237FB859}.Debug|Any CPU.Build.0 = Debug|Any CPU
		{61F1BA9E-31EB-4FAE-A392-F712237FB859}.Release|Any CPU.ActiveCfg = Release|Any CPU
		{61F1BA9E-31EB-4FAE-A392-F712237FB859}.Release|Any CPU.Build.0 = Release|Any CPU
	EndGlobalSection
	GlobalSection(SolutionProperties) = preSolution
		HideSolutionNode = FALSE
	EndGlobalSection
	GlobalSection(ExtensibilityGlobals) = postSolution
		SolutionGuid = {81EFC332-479C-4225-914D-0B5DD6B1E540}
	EndGlobalSection
EndGlobal
